
Microsoft Visual Studio Solution File, Format Version 12.00
# Visual Studio Version 17
VisualStudioVersion = 17.5.33530.505
MinimumVisualStudioVersion = 10.0.40219.1
Project("{8BC9CEB8-8B4A-11D0-8D11-00A0C91BC942}") = "adpcm", "adpcm\adpcm.vcxproj", "{8A772B6B-0F20-44FA-A4A7-D19F4D30B917}"
EndProject
Project("{FAE04EC0-301F-11D3-BF4B-00C04F79EFBC}") = "AdpcmG721", "AdpcmG721\AdpcmG721.csproj", "{BFE7E881-3DE8-4A21-B938-99246B1AF622}"
EndProject
Global
	GlobalSection(SolutionConfigurationPlatforms) = preSolution
		Debug|Any CPU = Debug|Any CPU
		Debug|x64 = Debug|x64
		Debug|x86 = Debug|x86
		Release|Any CPU = Release|Any CPU
		Release|x64 = Release|x64
		Release|x86 = Release|x86
	EndGlobalSection
	GlobalSection(ProjectConfigurationPlatforms) = postSolution
		{8A772B6B-0F20-44FA-A4A7-D19F4D30B917}.Debug|Any CPU.ActiveCfg = Debug|x64
		{8A772B6B-0F20-44FA-A4A7-D19F4D30B917}.Debug|Any CPU.Build.0 = Debug|x64
		{8A772B6B-0F20-44FA-A4A7-D19F4D30B917}.Debug|x64.ActiveCfg = Debug|x64
		{8A772B6B-0F20-44FA-A4A7-D19F4D30B917}.Debug|x64.Build.0 = Debug|x64
		{8A772B6B-0F20-44FA-A4A7-D19F4D30B917}.Debug|x86.ActiveCfg = Debug|Win32
		{8A772B6B-0F20-44FA-A4A7-D19F4D30B917}.Debug|x86.Build.0 = Debug|Win32
		{8A772B6B-0F20-44FA-A4A7-D19F4D30B917}.Release|Any CPU.ActiveCfg = Release|x64
		{8A772B6B-0F20-44FA-A4A7-D19F4D30B917}.Release|Any CPU.Build.0 = Release|x64
		{8A772B6B-0F20-44FA-A4A7-D19F4D30B917}.Release|x64.ActiveCfg = Release|x64
		{8A772B6B-0F20-44FA-A4A7-D19F4D30B917}.Release|x64.Build.0 = Release|x64
		{8A772B6B-0F20-44FA-A4A7-D19F4D30B917}.Release|x86.ActiveCfg = Release|Win32
		{8A772B6B-0F20-44FA-A4A7-D19F4D30B917}.Release|x86.Build.0 = Release|Win32
		{BFE7E881-3DE8-4A21-B938-99246B1AF622}.Debug|Any CPU.ActiveCfg = Debug|Any CPU
		{BFE7E881-3DE8-4A21-B938-99246B1AF622}.Debug|Any CPU.Build.0 = Debug|Any CPU
		{BFE7E881-3DE8-4A21-B938-99246B1AF622}.Debug|x64.ActiveCfg = Debug|Any CPU
		{BFE7E881-3DE8-4A21-B938-99246B1AF622}.Debug|x64.Build.0 = Debug|Any CPU
		{BFE7E881-3DE8-4A21-B938-99246B1AF622}.Debug|x86.ActiveCfg = Debug|Any CPU
		{BFE7E881-3DE8-4A21-B938-99246B1AF622}.Debug|x86.Build.0 = Debug|Any CPU
		{BFE7E881-3DE8-4A21-B938-99246B1AF622}.Release|Any CPU.ActiveCfg = Release|Any CPU
		{BFE7E881-3DE8-4A21-B938-99246B1AF622}.Release|Any CPU.Build.0 = Release|Any CPU
		{BFE7E881-3DE8-4A21-B938-99246B1AF622}.Release|x64.ActiveCfg = Release|Any CPU
		{BFE7E881-3DE8-4A21-B938-99246B1AF622}.Release|x64.Build.0 = Release|Any CPU
		{BFE7E881-3DE8-4A21-B938-99246B1AF622}.Release|x86.ActiveCfg = Release|Any CPU
		{BFE7E881-3DE8-4A21-B938-99246B1AF622}.Release|x86.Build.0 = Release|Any CPU
	EndGlobalSection
	GlobalSection(SolutionProperties) = preSolution
		HideSolutionNode = FALSE
	EndGlobalSection
	GlobalSection(ExtensibilityGlobals) = postSolution
		SolutionGuid = {D7851148-D0E4-4F7B-A02A-2DF823FA072F}
	EndGlobalSection
EndGlobal
